{
  "lockVersion": 1,
  "generatedAt": "2026-08-12T16:29:17.854548+00:00",
  "python": "3.13.15",
  "contentHash": "sha256:959975c7cdaef7b51599a532ec614e523d041a286a22ac42c28b090aca73a432",
  "packages": [
    {
      "name": "6cons",
      "version": "0.1.0",
      "direct": true,
      "dev": false,
      "requirement": "6cons==0.1.0",
      "url": "https://files.pythonhosted.org/packages/bc/91/9ee37eaa0267583c5571dac17e8acc8ba4885cccd49a165aabf7e03f1dc5/6cons-0.1.0-py3-none-any.whl",
      "hashes": [
        "4986d6c0047b1d33b6df2dbf02a99ef29c3d5d85d072e3152b56aac2851c2d48"
      ]
    },
    {
      "name": "aiohappyeyeballs",
      "version": "2.7.1",
      "direct": false,
      "dev": false,
      "requirement": "aiohappyeyeballs==2.7.1",
      "url": "https://files.pythonhosted.org/packages/71/43/1947f06babed6b3f1d7f38b0c767f52df66bfb2bc10b468c4a7de9eceff2/aiohappyeyeballs-2.7.1-py3-none-any.whl",
      "hashes": [
        "9243213661e29250eb41368e5daa826fc017156c3b8a11440826b2e3ed376472"
      ]
    },
    {
      "name": "aiohttp",
      "version": "3.14.3",
      "direct": false,
      "dev": false,
      "requirement": "aiohttp==3.14.3",
      "url": "https://files.pythonhosted.org/packages/ca/1c/7da8d08e74d56f00070822f9638ff3f1c563f8ad87d1efa996c87bfc8644/aiohttp-3.14.3-cp313-cp313-manylinux2014_x86_64.manylinux_2_17_x86_64.manylinux_2_28_x86_64.whl",
      "hashes": [
        "d7d2deec16eeedf55f2c7cf75b521ea3856a5177e123844f8fd0f114ce252cb5"
      ]
    },
    {
      "name": "aiosignal",
      "version": "1.4.0",
      "direct": false,
      "dev": false,
      "requirement": "aiosignal==1.4.0",
      "url": "https://files.pythonhosted.org/packages/fb/76/641ae371508676492379f16e2fa48f4e2c11741bd63c48be4b12a6b09cba/aiosignal-1.4.0-py3-none-any.whl",
      "hashes": [
        "053243f8b92b990551949e63930a839ff0cf0b0ebbe0597b0f3fb19e1a0fe82e"
      ]
    },
    {
      "name": "annotated-doc",
      "version": "0.0.5",
      "direct": false,
      "dev": false,
      "requirement": "annotated-doc==0.0.5",
      "url": "https://files.pythonhosted.org/packages/3e/30/e900b21425a860e195f32e37657aa1f7c7f2b1bfb26f03ca209b90933c06/annotated_doc-0.0.5-py3-none-any.whl",
      "hashes": [
        "117bac03a25ede5df5440e855b32d556049ca169ead221505badf432fed4b101"
      ]
    },
    {
      "name": "annotated-types",
      "version": "0.8.0",
      "direct": false,
      "dev": false,
      "requirement": "annotated-types==0.8.0",
      "url": "https://files.pythonhosted.org/packages/99/91/8acff4f5e50511b911bbccb72b8628a49c68ce14148cd9f6431094859a90/annotated_types-0.8.0-py3-none-any.whl",
      "hashes": [
        "f072f4d804ea359e4eaf198b1af7a8b0943881a87f31bb764f8bf219bb9419e0"
      ]
    },
    {
      "name": "anyio",
      "version": "4.14.2",
      "direct": false,
      "dev": false,
      "requirement": "anyio==4.14.2",
      "url": "https://files.pythonhosted.org/packages/da/35/f2287558c17e29fafc8ef3daf819bb9834061cfa43bff8014f7df7f63bdc/anyio-4.14.2-py3-none-any.whl",
      "hashes": [
        "9f505dda5ac9f0c8309b5e8bd445a8c2bf7246f3ce950121e45ea15bc41d1494"
      ]
    },
    {
      "name": "attrs",
      "version": "26.1.0",
      "direct": false,
      "dev": false,
      "requirement": "attrs==26.1.0",
      "url": "https://files.pythonhosted.org/packages/64/b4/17d4b0b2a2dc85a6df63d1157e028ed19f90d4cd97c36717afef2bc2f395/attrs-26.1.0-py3-none-any.whl",
      "hashes": [
        "c647aa4a12dfbad9333ca4e71fe62ddc36f4e63b2d260a37a8b83d2f043ac309"
      ]
    },
    {
      "name": "certifi",
      "version": "2026.7.22",
      "direct": false,
      "dev": false,
      "requirement": "certifi==2026.7.22",
      "url": "https://files.pythonhosted.org/packages/0b/a7/71ac2cff56fec219ed242bb11b8efb69fcc4bec75db06fb7bfe35de520e6/certifi-2026.7.22-py3-none-any.whl",
      "hashes": [
        "62f22742b58a1a33014a2b6b706588a8d7e2a88ae7bd1a6ebe8c992928483775"
      ]
    },
    {
      "name": "charset-normalizer",
      "version": "3.5.0",
      "direct": false,
      "dev": false,
      "requirement": "charset-normalizer==3.5.0",
      "url": "https://files.pythonhosted.org/packages/3a/6a/5b964a1eb0f9075ecd45083eeb21aaec215334f98bac3d400302ea73875d/charset_normalizer-3.5.0-cp313-cp313-manylinux2014_x86_64.manylinux_2_17_x86_64.manylinux_2_28_x86_64.whl",
      "hashes": [
        "3b08ebf9488c7ff5eff038e48e6ea938178dfd9dcc8598b5ca941e4ae27b20be"
      ]
    },
    {
      "name": "click",
      "version": "8.4.2",
      "direct": false,
      "dev": false,
      "requirement": "click==8.4.2",
      "url": "https://files.pythonhosted.org/packages/fb/e2/79c688af8b210d232694e31e59da9f6ec747bae31c3f5946e4e9b98860d5/click-8.4.2-py3-none-any.whl",
      "hashes": [
        "e6f9f66136c816745b9d65817da91d61d957fb16e02e4dcd0552553c5a197b76"
      ]
    },
    {
      "name": "docker",
      "version": "7.2.0",
      "direct": true,
      "dev": false,
      "requirement": "docker==7.2.0",
      "url": "https://files.pythonhosted.org/packages/75/23/529140fe1aab80fc6992f93a706deec709140a6397439139a054e1515c45/docker-7.2.0-py3-none-any.whl",
      "hashes": [
        "a3f45fdeb9165e2d25d9a1d02ddf3bc70fb572cf5ebbf9b58558c22caf29b71f"
      ]
    },
    {
      "name": "fastapi",
      "version": "0.141.1",
      "direct": true,
      "dev": false,
      "requirement": "fastapi==0.141.1",
      "url": "https://files.pythonhosted.org/packages/cb/03/10388a42375ee7e4ac9b94eb2c5c569c8b5795e377e701c9ac3ad63de890/fastapi-0.141.1-py3-none-any.whl",
      "hashes": [
        "bfb91aa2d334c61cb35ba9a116fc123b3d3df31640b801cf57a7a78ec3f603b3"
      ]
    },
    {
      "name": "frozenlist",
      "version": "1.8.0",
      "direct": false,
      "dev": false,
      "requirement": "frozenlist==1.8.0",
      "url": "https://files.pythonhosted.org/packages/d5/4e/e4691508f9477ce67da2015d8c00acd751e6287739123113a9fca6f1604e/frozenlist-1.8.0-cp313-cp313-manylinux1_x86_64.manylinux_2_28_x86_64.manylinux_2_5_x86_64.whl",
      "hashes": [
        "fb30f9626572a76dfe4293c7194a09fb1fe93ba94c7d4f720dfae3b646b45027"
      ]
    },
    {
      "name": "geoip2",
      "version": "5.3.0",
      "direct": true,
      "dev": false,
      "requirement": "geoip2==5.3.0",
      "url": "https://files.pythonhosted.org/packages/71/bf/407ea894512ad989f6fbf9f8e50a02a69ce888bf6a2b799e53a99e4d26a7/geoip2-5.3.0-py3-none-any.whl",
      "hashes": [
        "7f82c587f3f3691f30adc8634d0b93de9853d96d514ed48ff3ba38f188a5df31"
      ]
    },
    {
      "name": "h11",
      "version": "0.16.0",
      "direct": false,
      "dev": false,
      "requirement": "h11==0.16.0",
      "url": "https://files.pythonhosted.org/packages/04/4b/29cac41a4d98d144bf5f6d33995617b185d14b22401f75ca86f384e87ff1/h11-0.16.0-py3-none-any.whl",
      "hashes": [
        "63cf8bbe7522de3bf65932fda1d9c2772064ffb3dae62d55932da54b31cb6c86"
      ]
    },
    {
      "name": "httpcore",
      "version": "1.0.9",
      "direct": false,
      "dev": false,
      "requirement": "httpcore==1.0.9",
      "url": "https://files.pythonhosted.org/packages/7e/f5/f66802a942d491edb555dd61e3a9961140fd64c90bce1eafd741609d334d/httpcore-1.0.9-py3-none-any.whl",
      "hashes": [
        "2d400746a40668fc9dec9810239072b40b4484b640a8c38fd654a024c7a1bf55"
      ]
    },
    {
      "name": "httptools",
      "version": "0.8.0",
      "direct": false,
      "dev": false,
      "requirement": "httptools==0.8.0",
      "url": "https://files.pythonhosted.org/packages/2e/1b/46f1cecf06b9bbde8e4b8c88034ac7908989e5ff7a3a388ef38392949c1f/httptools-0.8.0-cp313-cp313-manylinux1_x86_64.manylinux_2_28_x86_64.manylinux_2_5_x86_64.whl",
      "hashes": [
        "eb3028cca2fc0a6d720e52ef61d8ebb62fcbfeb1de56874546d858d3f25a26b7"
      ]
    },
    {
      "name": "httpx",
      "version": "0.28.1",
      "direct": true,
      "dev": false,
      "requirement": "httpx==0.28.1",
      "url": "https://files.pythonhosted.org/packages/2a/39/e50c7c3a983047577ee07d2a9e53faf5a69493943ec3f6a384bdc792deb2/httpx-0.28.1-py3-none-any.whl",
      "hashes": [
        "d909fcccc110f8c7faf814ca82a9a4d816bc5a6dbfea25d6591d6985b8ba59ad"
      ]
    },
    {
      "name": "idna",
      "version": "3.18",
      "direct": false,
      "dev": false,
      "requirement": "idna==3.18",
      "url": "https://files.pythonhosted.org/packages/1e/5e/d4e9f1a599fb8e573b7b87160658329fbf28d19eac2718f51fc3def3aa5a/idna-3.18-py3-none-any.whl",
      "hashes": [
        "7f952cbe720b688055e3f87de14f5c3e5fdaa8bc3928985c4077ca689de849a2"
      ]
    },
    {
      "name": "iniconfig",
      "version": "2.3.0",
      "direct": false,
      "dev": true,
      "requirement": "iniconfig==2.3.0",
      "url": "https://files.pythonhosted.org/packages/cb/b1/3846dd7f199d53cb17f49cba7e651e9ce294d8497c8c150530ed11865bb8/iniconfig-2.3.0-py3-none-any.whl",
      "hashes": [
        "f631c04d2c48c52b84d0d0549c99ff3859c98df65b3101406327ecc7d53fbf12"
      ]
    },
    {
      "name": "lxml",
      "version": "6.1.1",
      "direct": true,
      "dev": false,
      "requirement": "lxml==6.1.1",
      "url": "https://files.pythonhosted.org/packages/a6/76/dbe4a00b50385e40194231dcfe5a12c059de7cf90e89c83407d2b085b719/lxml-6.1.1-cp313-cp313-manylinux_2_26_x86_64.manylinux_2_28_x86_64.whl",
      "hashes": [
        "1d4962d4c66bf830a7e59ed6cfc17d148149898a3aefa8ec6e59763e6e3ed085"
      ]
    },
    {
      "name": "maxminddb",
      "version": "3.1.1",
      "direct": false,
      "dev": false,
      "requirement": "maxminddb==3.1.1",
      "url": "https://files.pythonhosted.org/packages/75/1a/2593692d543498959b2836028ff26c36439343a2122f31a71202072f4e62/maxminddb-3.1.1-cp313-cp313-manylinux2014_x86_64.manylinux_2_17_x86_64.manylinux_2_28_x86_64.whl",
      "hashes": [
        "fbb195714caeb419b9a33b07b0b721d620c770210dd955018453fc588a4b7e42"
      ]
    },
    {
      "name": "multidict",
      "version": "6.7.1",
      "direct": false,
      "dev": false,
      "requirement": "multidict==6.7.1",
      "url": "https://files.pythonhosted.org/packages/b0/73/6e1b01cbeb458807aa0831742232dbdd1fa92bfa33f52a3f176b4ff3dc11/multidict-6.7.1-cp313-cp313-manylinux2014_x86_64.manylinux_2_17_x86_64.manylinux_2_28_x86_64.whl",
      "hashes": [
        "9d624335fd4fa1c08a53f8b4be7676ebde19cd092b3895c421045ca87895b429"
      ]
    },
    {
      "name": "packaging",
      "version": "26.3",
      "direct": false,
      "dev": true,
      "requirement": "packaging==26.3",
      "url": "https://files.pythonhosted.org/packages/63/34/ba1c580383c9eada3711951fef0795c80b829a078d72188184bcab9dd527/packaging-26.3-py3-none-any.whl",
      "hashes": [
        "d7193f7c8e4e93f444fde0262bf90af30e16fa0ad0ad44cb553c87339b23cd1c"
      ]
    },
    {
      "name": "pillow",
      "version": "12.3.0",
      "direct": true,
      "dev": false,
      "requirement": "pillow==12.3.0",
      "url": "https://files.pythonhosted.org/packages/f7/62/de5bdd77d935331f4f802edc11e4d82950f642caad6cb2f949837b8560e2/pillow-12.3.0-cp313-cp313-manylinux_2_27_x86_64.manylinux_2_28_x86_64.whl",
      "hashes": [
        "0847a763afefb695bc912d7c131e7e0632d4edc1d8698f58ddabec8e46b8b6d3"
      ]
    },
    {
      "name": "pluggy",
      "version": "1.6.0",
      "direct": false,
      "dev": true,
      "requirement": "pluggy==1.6.0",
      "url": "https://files.pythonhosted.org/packages/54/20/4d324d65cc6d9205fabedc306948156824eb9f0ee1633355a8f7ec5c66bf/pluggy-1.6.0-py3-none-any.whl",
      "hashes": [
        "e920276dd6813095e9377c0bc5566d94c932c33b27a3e3945d8389c374dd4746"
      ]
    },
    {
      "name": "propcache",
      "version": "0.5.2",
      "direct": false,
      "dev": false,
      "requirement": "propcache==0.5.2",
      "url": "https://files.pythonhosted.org/packages/8b/c6/979176efdaa3d239e36d503d5af63a0a773b36662ed8f52e5b6a6d9fd40e/propcache-0.5.2-cp313-cp313-manylinux2014_x86_64.manylinux_2_17_x86_64.manylinux_2_28_x86_64.whl",
      "hashes": [
        "4db0ba63d693afd40d249bd93f842b5f144f8fcbb83de05660373bcf30517b1d"
      ]
    },
    {
      "name": "pydantic",
      "version": "2.13.4",
      "direct": false,
      "dev": false,
      "requirement": "pydantic==2.13.4",
      "url": "https://files.pythonhosted.org/packages/fd/7b/122376b1fd3c62c1ed9dc80c931ace4844b3c55407b6fb2d199377c9736f/pydantic-2.13.4-py3-none-any.whl",
      "hashes": [
        "45a282cde31d808236fd7ea9d919b128653c8b38b393d1c4ab335c62924d9aba"
      ]
    },
    {
      "name": "pydantic_core",
      "version": "2.46.4",
      "direct": false,
      "dev": false,
      "requirement": "pydantic_core==2.46.4",
      "url": "https://files.pythonhosted.org/packages/07/f8/41db9de19d7987d6b04715a02b3b40aea467000275d9d758ffaa31af7d50/pydantic_core-2.46.4-cp313-cp313-manylinux_2_17_x86_64.manylinux2014_x86_64.whl",
      "hashes": [
        "9551187363ffc0de2a00b2e47c25aeaeb1020b69b668762966df15fc5659dd5a"
      ]
    },
    {
      "name": "pydantic-settings",
      "version": "2.15.0",
      "direct": true,
      "dev": false,
      "requirement": "pydantic-settings==2.15.0",
      "url": "https://files.pythonhosted.org/packages/30/a4/2bffa9f8e804325a09867f0e9d30795c80ea9f8d62560bd1b6ad6220eb2f/pydantic_settings-2.15.0-py3-none-any.whl",
      "hashes": [
        "0ba092c291c94baceb5eff768aa0d56400a457585bc0175925a5a5510303da42"
      ]
    },
    {
      "name": "Pygments",
      "version": "2.20.0",
      "direct": false,
      "dev": true,
      "requirement": "Pygments==2.20.0",
      "url": "https://files.pythonhosted.org/packages/f4/7e/a72dd26f3b0f4f2bf1dd8923c85f7ceb43172af56d63c7383eb62b332364/pygments-2.20.0-py3-none-any.whl",
      "hashes": [
        "81a9e26dd42fd28a23a2d169d86d7ac03b46e2f8b59ed4698fb4785f946d0176"
      ]
    },
    {
      "name": "pyreact-framework",
      "version": "1.0.5.post3028994678301",
      "direct": true,
      "dev": false,
      "requirement": "pyreact-framework==1.0.5.post3028994678301",
      "url": "https://files.pythonhosted.org/packages/43/ed/c35111a7f4f2144e2481be22258721ddb0ddaf456c7baa12b18a0e5c7d36/pyreact_framework-1.0.5.post3028994678301-py3-none-any.whl",
      "hashes": [
        "166e3baa4419745b33173020bb0ab2c41d44b740d604c96832144ef069007441"
      ]
    },
    {
      "name": "pytest",
      "version": "8.4.2",
      "direct": true,
      "dev": true,
      "requirement": "pytest==8.4.2",
      "url": "https://files.pythonhosted.org/packages/a8/a4/20da314d277121d6534b3a980b29035dcd51e6744bd79075a6ce8fa4eb8d/pytest-8.4.2-py3-none-any.whl",
      "hashes": [
        "872f880de3fc3a5bdc88a11b39c9710c3497a547cfa9320bc3c5e62fbf272e79"
      ]
    },
    {
      "name": "pytest-asyncio",
      "version": "1.4.0",
      "direct": true,
      "dev": true,
      "requirement": "pytest-asyncio==1.4.0",
      "url": "https://files.pythonhosted.org/packages/03/e2/08a497ef684b88559c9cc5f4ad53a37e7b99e727094a86d6ea32536d5d3c/pytest_asyncio-1.4.0-py3-none-any.whl",
      "hashes": [
        "933ca923a23075a87fb7070c0ec272a6848489824d887c85c812670932835aa1"
      ]
    },
    {
      "name": "python-dotenv",
      "version": "1.2.2",
      "direct": false,
      "dev": false,
      "requirement": "python-dotenv==1.2.2",
      "url": "https://files.pythonhosted.org/packages/0b/d7/1959b9648791274998a9c3526f6d0ec8fd2233e4d4acce81bbae76b44b2a/python_dotenv-1.2.2-py3-none-any.whl",
      "hashes": [
        "1d8214789a24de455a8b8bd8ae6fe3c6b69a5e3d64aa8a8e5d68e694bbcb285a"
      ]
    },
    {
      "name": "python-multipart",
      "version": "0.0.32",
      "direct": true,
      "dev": false,
      "requirement": "python-multipart==0.0.32",
      "url": "https://files.pythonhosted.org/packages/e1/04/e8135ebd1ad02c56ec633277529b2602ff99ff634be76cdba5744cf554fd/python_multipart-0.0.32-py3-none-any.whl",
      "hashes": [
        "ff6d3f776f16878c894e52e107296ffc890e913c611b1a4ec6c44e2821fe2e23"
      ]
    },
    {
      "name": "PyYAML",
      "version": "6.0.3",
      "direct": false,
      "dev": false,
      "requirement": "PyYAML==6.0.3",
      "url": "https://files.pythonhosted.org/packages/74/27/e5b8f34d02d9995b80abcef563ea1f8b56d20134d8f4e5e81733b1feceb2/pyyaml-6.0.3-cp313-cp313-manylinux2014_x86_64.manylinux_2_17_x86_64.manylinux_2_28_x86_64.whl",
      "hashes": [
        "0f29edc409a6392443abf94b9cf89ce99889a1dd5376d94316ae5145dfedd5d6"
      ]
    },
    {
      "name": "qrcode",
      "version": "8.2",
      "direct": true,
      "dev": false,
      "requirement": "qrcode==8.2",
      "url": "https://files.pythonhosted.org/packages/dd/b8/d2d6d731733f51684bbf76bf34dab3b70a9148e8f2cef2bb544fccec681a/qrcode-8.2-py3-none-any.whl",
      "hashes": [
        "16e64e0716c14960108e85d853062c9e8bba5ca8252c0b4d0231b9df4060ff4f"
      ]
    },
    {
      "name": "requests",
      "version": "2.34.2",
      "direct": false,
      "dev": false,
      "requirement": "requests==2.34.2",
      "url": "https://files.pythonhosted.org/packages/a0/f4/c67b0b3f1b9245e8d266f0f112c500d50e5b4e83cb6f3b71b6528104182a/requests-2.34.2-py3-none-any.whl",
      "hashes": [
        "2a0d60c172f83ac6ab31e4554906c0f3b3588d37b5cb939b1c061f4907e278e0"
      ]
    },
    {
      "name": "ruff",
      "version": "0.16.2",
      "direct": true,
      "dev": true,
      "requirement": "ruff==0.16.2",
      "url": "https://files.pythonhosted.org/packages/c5/d3/8ef50149e8412a77f7ab409efdef0e2b23803707a3863da4fc64cb23d459/ruff-0.16.2-py3-none-manylinux_2_17_x86_64.manylinux2014_x86_64.whl",
      "hashes": [
        "ab3d62dde0b19facdd632008cc4827fc28ada7736c6bd35ab6f1050f0bfed53f"
      ]
    },
    {
      "name": "starlette",
      "version": "1.6.0",
      "direct": false,
      "dev": false,
      "requirement": "starlette==1.6.0",
      "url": "https://files.pythonhosted.org/packages/c8/cb/6a6a47d5b464bd08695d254f3da6e7986cc70c9fa5d778eda57538edfe56/starlette-1.6.0-py3-none-any.whl",
      "hashes": [
        "a86dd39d14bb45f85a3d18525215a9ef0cfd1f192ac793220e72598c90335f0c"
      ]
    },
    {
      "name": "typing_extensions",
      "version": "4.16.0",
      "direct": false,
      "dev": false,
      "requirement": "typing_extensions==4.16.0",
      "url": "https://files.pythonhosted.org/packages/49/d3/b8441a820a491ddfc024b0b0cf0393375b75ea13866d9c66727e54c2fc80/typing_extensions-4.16.0-py3-none-any.whl",
      "hashes": [
        "481caa481374e813c1b176ada14e97f1f67a4539ce9cfeb3f350d78d6370c2e8"
      ]
    },
    {
      "name": "typing-inspection",
      "version": "0.4.4",
      "direct": false,
      "dev": false,
      "requirement": "typing-inspection==0.4.4",
      "url": "https://files.pythonhosted.org/packages/67/81/4add07e5172b7ac40d8ed5ff580409a7801a4fe26d529bdd915401dabfbe/typing_inspection-0.4.4-py3-none-any.whl",
      "hashes": [
        "65b8397ba37ccbce054456aaccddfc91e6e3083c92824df348d96ca832f3f147"
      ]
    },
    {
      "name": "uikitpr",
      "version": "0.3.2.post3142518377901",
      "direct": true,
      "dev": false,
      "requirement": "uikitpr==0.3.2.post3142518377901",
      "url": "https://files.pythonhosted.org/packages/99/10/fe7487932fcc5f8d48ab355cc0d0cd42c909bcf395db23fadebdb3aa08d4/uikitpr-0.3.2.post3142518377901-py3-none-any.whl",
      "hashes": [
        "39162a88b4980c3fac4e4693ca2408dc263ad5cf63f79833c70547fe7bcd6910"
      ]
    },
    {
      "name": "urllib3",
      "version": "2.7.0",
      "direct": false,
      "dev": false,
      "requirement": "urllib3==2.7.0",
      "url": "https://files.pythonhosted.org/packages/7f/3e/5db95bcf282c52709639744ca2a8b149baccf648e39c8cc87553df9eae0c/urllib3-2.7.0-py3-none-any.whl",
      "hashes": [
        "9fb4c81ebbb1ce9531cce37674bbc6f1360472bc18ca9a553ede278ef7276897"
      ]
    },
    {
      "name": "uvicorn",
      "version": "0.52.1",
      "direct": true,
      "dev": false,
      "requirement": "uvicorn==0.52.1",
      "url": "https://files.pythonhosted.org/packages/c7/d5/68e6e9bca63c0badf67002890a46d3784c958de45b65e1275ec583ca1f06/uvicorn-0.52.1-py3-none-any.whl",
      "hashes": [
        "e4403f9d93188cf9d1088e9f40e3acd12630e2df8675316704379a7fc20fff6a"
      ]
    },
    {
      "name": "uvloop",
      "version": "0.22.1",
      "direct": false,
      "dev": false,
      "requirement": "uvloop==0.22.1",
      "url": "https://files.pythonhosted.org/packages/15/c0/0be24758891ef825f2065cd5db8741aaddabe3e248ee6acc5e8a80f04005/uvloop-0.22.1-cp313-cp313-manylinux2014_x86_64.manylinux_2_17_x86_64.manylinux_2_28_x86_64.whl",
      "hashes": [
        "0530a5fbad9c9e4ee3f2b33b148c6a64d47bbad8000ea63704fa8260f4cf728e"
      ]
    },
    {
      "name": "watchfiles",
      "version": "1.2.0",
      "direct": false,
      "dev": false,
      "requirement": "watchfiles==1.2.0",
      "url": "https://files.pythonhosted.org/packages/a7/6c/89b1a230a78f57c52dd8893adb1f92f94411721b6ec12596c56d98c74356/watchfiles-1.2.0-cp313-cp313-manylinux_2_17_x86_64.manylinux2014_x86_64.whl",
      "hashes": [
        "ca148d73dea36c9763aaa351e4d7a51780ec1584217c45276f4fe8239c768b71"
      ]
    },
    {
      "name": "websockets",
      "version": "17.0.1",
      "direct": false,
      "dev": false,
      "requirement": "websockets==17.0.1",
      "url": "https://files.pythonhosted.org/packages/16/50/64eee3d25a47fe744a9490e0627cc373dca096755db740f91c28bd61cd35/websockets-17.0.1-cp313-cp313-manylinux1_x86_64.manylinux_2_28_x86_64.manylinux_2_5_x86_64.whl",
      "hashes": [
        "18ded646ce98cdd3c0235825b3252f1df55765ba49b616bb10282f758667b4d0"
      ]
    },
    {
      "name": "yarl",
      "version": "1.24.5",
      "direct": false,
      "dev": false,
      "requirement": "yarl==1.24.5",
      "url": "https://files.pythonhosted.org/packages/0a/43/8e55ae7538ba5f28ccb3c845c6dd4549cf7016d5992e5326512519107cdd/yarl-1.24.5-cp313-cp313-manylinux2014_x86_64.manylinux_2_17_x86_64.manylinux_2_28_x86_64.whl",
      "hashes": [
        "d46b86567dd4e248c6c159fcbcdcce01e0a5c8a7cd2334a0fff759d0fa075b16"
      ]
    }
  ]
}
